
Microsoft Visual Studio Solution File, Format Version 12.00
# Visual Studio 15
VisualStudioVersion = 15.0.27130.2010
MinimumVisualStudioVersion = 10.0.40219.1
Project("{FAE04EC0-301F-11D3-BF4B-00C04F79EFBC}") = "9", "9\9.csproj", "{A8C6C93B-B821-48FB-B7FB-7BBC158D7C4B}"
EndProject
Global
	GlobalSection(SolutionConfigurationPlatforms) = preSolution
		Debug|Any CPU = Debug|Any CPU
		Release|Any CPU = Release|Any CPU
	EndGlobalSection
	GlobalSection(ProjectConfigurationPlatforms) = postSolution
		{A8C6C93B-B821-48FB-B7FB-7BBC158D7C4B}.Debug|Any CPU.ActiveCfg = Debug|Any CPU
		{A8C6C93B-B821-48FB-B7FB-7BBC158D7C4B}.Debug|Any CPU.Build.0 = Debug|Any CPU
		{A8C6C93B-B821-48FB-B7FB-7BBC158D7C4B}.Release|Any CPU.ActiveCfg = Release|Any CPU
		{A8C6C93B-B821-48FB-B7FB-7BBC158D7C4B}.Release|Any CPU.Build.0 = Release|Any CPU
	EndGlobalSection
	GlobalSection(SolutionProperties) = preSolution
		HideSolutionNode = FALSE
	EndGlobalSection
	GlobalSection(ExtensibilityGlobals) = postSolution
		SolutionGuid = {F20777DD-92C0-4C1C-94AF-F778EC922FAF}
	EndGlobalSection
EndGlobal
